
Microsoft Visual Studio Solution File, Format Version 12.00
# Visual Studio Version 17
VisualStudioVersion = 17.2.32630.192
MinimumVisualStudioVersion = 10.0.40219.1
Project("{FAE04EC0-301F-11D3-BF4B-00C04F79EFBC}") = "DotNet WebAPI Core", "DotNet WebAPI Core\DotNet WebAPI Core.csproj", "{BB062093-0E22-4314-B81A-710FCCB84C11}"
EndProject
Global
	GlobalSection(SolutionConfigurationPlatforms) = preSolution
		Debug|Any CPU = Debug|Any CPU
		Release|Any CPU = Release|Any CPU
	EndGlobalSection
	GlobalSection(ProjectConfigurationPlatforms) = postSolution
		{BB062093-0E22-4314-B81A-710FCCB84C11}.Debug|Any CPU.ActiveCfg = Debug|Any CPU
		{BB062093-0E22-4314-B81A-710FCCB84C11}.Debug|Any CPU.Build.0 = Debug|Any CPU
		{BB062093-0E22-4314-B81A-710FCCB84C11}.Release|Any CPU.ActiveCfg = Release|Any CPU
		{BB062093-0E22-4314-B81A-710FCCB84C11}.Release|Any CPU.Build.0 = Release|Any CPU
	EndGlobalSection
	GlobalSection(SolutionProperties) = preSolution
		HideSolutionNode = FALSE
	EndGlobalSection
	GlobalSection(ExtensibilityGlobals) = postSolution
		SolutionGuid = {EAE9DC07-C702-4592-9C56-9A8E973F466D}
	EndGlobalSection
EndGlobal
